
Microsoft Visual Studio Solution File, Format Version 12.00
# Visual Studio 2012
Project("{FAE04EC0-301F-11D3-BF4B-00C04F79EFBC}") = "Zero", "Zero\Zero.csproj", "{9D40F1D1-0DFA-4A42-B7C2-DBABC7074614}"
EndProject
Project("{FAE04EC0-301F-11D3-BF4B-00C04F79EFBC}") = "Zero.Orm", "PetaPoco\Zero.Orm.csproj", "{0D7AED0D-C9AB-483B-A7B2-817B6070A1EC}"
EndProject
Project("{FAE04EC0-301F-11D3-BF4B-00C04F79EFBC}") = "Zero.Web.Img", "Zero.Web.Img\Zero.Web.Img.csproj", "{C100C38A-5C1A-4D92-A9C5-24820A6DD53D}"
EndProject
Project("{FAE04EC0-301F-11D3-BF4B-00C04F79EFBC}") = "Zero.Design", "Zero.Design\Zero.Design.csproj", "{7E084B0D-D9CF-4F81-8506-8CC00D5A2551}"
EndProject
Project("{FAE04EC0-301F-11D3-BF4B-00C04F79EFBC}") = "Zero.Web.UI", "Zero.Web.UI\Zero.Web.UI.csproj", "{BEA27FC7-6FB0-465D-A4E1-971AF524BF15}"
EndProject
Project("{F088123C-0E9E-452A-89E6-6BA2F21D5CAC}") = "Zero.UML", "Zero.UML\Zero.UML.modelproj", "{D96F7ED4-EAB5-46FE-8D57-01E66E0B3262}"
EndProject
Project("{2150E333-8FDC-42A3-9474-1A3956D46DE8}") = "Base", "Base", "{AAD268E7-19EF-43E5-9A69-DD7F12AD398B}"
EndProject
Project("{FAE04EC0-301F-11D3-BF4B-00C04F79EFBC}") = "Zero.Core", "Zero.Core\Zero.Core.csproj", "{C5288E7C-1D40-4C1A-A15E-BF20D69AF585}"
EndProject
Project("{2150E333-8FDC-42A3-9474-1A3956D46DE8}") = "Web", "Web", "{825D4838-7D8B-4FF9-B71E-403B89903BF6}"
EndProject
Project("{2150E333-8FDC-42A3-9474-1A3956D46DE8}") = "Design", "Design", "{F5647084-73C1-44CB-90B2-7334273C58D7}"
EndProject
Project("{2150E333-8FDC-42A3-9474-1A3956D46DE8}") = "Test", "Test", "{5B96CF6E-39E3-43B2-B304-2A2D53F66169}"
EndProject
Project("{2150E333-8FDC-42A3-9474-1A3956D46DE8}") = "Mvc", "Mvc", "{65334FE5-3C13-4EC9-B9E4-664BAB314FD7}"
EndProject
Project("{2150E333-8FDC-42A3-9474-1A3956D46DE8}") = "Business", "Business", "{21961A70-2F5D-4FD7-82D7-E234DE978FF9}"
EndProject
Project("{FAE04EC0-301F-11D3-BF4B-00C04F79EFBC}") = "Zero.Data", "Zero.Data\Zero.Data.csproj", "{9110E3E4-D7CF-4D57-B766-AD2D71A4F9D7}"
EndProject
Project("{2150E333-8FDC-42A3-9474-1A3956D46DE8}") = "document", "document", "{A086891E-45D0-4DB3-8FE4-9FD1B4883EA0}"
EndProject
Project("{FAE04EC0-301F-11D3-BF4B-00C04F79EFBC}") = "Zero.Web.Test", "Zero.Web.Test\Zero.Web.Test.csproj", "{AD782B8E-4D74-4A9F-A7E0-D1C4D8BA568A}"
EndProject
Project("{FAE04EC0-301F-11D3-BF4B-00C04F79EFBC}") = "Zero.Domain", "Zero.Domain\Zero.Domain.csproj", "{C8E91ED2-3562-4AFB-8046-18158F49676A}"
EndProject
Project("{FAE04EC0-301F-11D3-BF4B-00C04F79EFBC}") = "Zero.Services", "Zero.Services\Zero.Services.csproj", "{139CC569-0FC7-4BF4-B390-D5B8B799EE55}"
EndProject
Project("{2150E333-8FDC-42A3-9474-1A3956D46DE8}") = "Libraries", "Libraries", "{22E32B48-2257-4F0B-A88B-65DEBCE2F9A4}"
EndProject
Project("{FAE04EC0-301F-11D3-BF4B-00C04F79EFBC}") = "Zero.Mvc.Manage", "Zero.Mvc.Manage\Zero.Mvc.Manage.csproj", "{4146703B-8A8A-4A94-AE50-EF7C4BA5C3E0}"
EndProject
Project("{FAE04EC0-301F-11D3-BF4B-00C04F79EFBC}") = "Zero.Mvc.Test", "Zero.Mvc.Test\Zero.Mvc.Test.csproj", "{266D35FA-C971-438C-BA34-0D66BD91F7AF}"
EndProject
Project("{2150E333-8FDC-42A3-9474-1A3956D46DE8}") = "Web", "Web", "{F48031FC-D09F-40A8-B2CD-EFEFA98FBFE5}"
EndProject
Project("{FAE04EC0-301F-11D3-BF4B-00C04F79EFBC}") = "Zero.Web.Framework", "Zero.Web.Framework\Zero.Web.Framework.csproj", "{806E7540-EA1E-4913-855D-025FEF726887}"
EndProject
Project("{FAE04EC0-301F-11D3-BF4B-00C04F79EFBC}") = "Zero.Service", "Zero.Service\Zero.Service.csproj", "{80395694-332C-40B1-A3B7-E1874B1768AB}"
EndProject
Project("{FAE04EC0-301F-11D3-BF4B-00C04F79EFBC}") = "Zero.DataBase", "Zero.Database\Zero.DataBase.csproj", "{BD82F1AA-F19F-4918-9430-4B9C99889D66}"
EndProject
Project("{FAE04EC0-301F-11D3-BF4B-00C04F79EFBC}") = "Zero.Test", "Zero.Test\Zero.Test.csproj", "{7CBDBEEB-E037-410E-A499-50219BCB32D5}"
EndProject
Project("{FAE04EC0-301F-11D3-BF4B-00C04F79EFBC}") = "Zero.Web.Manage", "Zero.Web.Manage\Zero.Web.Manage.csproj", "{24977296-3630-4A39-8AB0-68B93DBDBF9C}"
EndProject
Project("{FAE04EC0-301F-11D3-BF4B-00C04F79EFBC}") = "Zero.Web", "Zero.Web\Zero.Web.csproj", "{C94CF151-5F78-4FF0-BCA5-C5E67E39DC2C}"
EndProject
Global
	GlobalSection(SolutionConfigurationPlatforms) = preSolution
		Debug|Any CPU = Debug|Any CPU
		Release|Any CPU = Release|Any CPU
	EndGlobalSection
	GlobalSection(ProjectConfigurationPlatforms) = postSolution
		{9D40F1D1-0DFA-4A42-B7C2-DBABC7074614}.Debug|Any CPU.ActiveCfg = Debug|Any CPU
		{9D40F1D1-0DFA-4A42-B7C2-DBABC7074614}.Debug|Any CPU.Build.0 = Debug|Any CPU
		{9D40F1D1-0DFA-4A42-B7C2-DBABC7074614}.Release|Any CPU.ActiveCfg = Release|Any CPU
		{9D40F1D1-0DFA-4A42-B7C2-DBABC7074614}.Release|Any CPU.Build.0 = Release|Any CPU
		{0D7AED0D-C9AB-483B-A7B2-817B6070A1EC}.Debug|Any CPU.ActiveCfg = Debug|Any CPU
		{0D7AED0D-C9AB-483B-A7B2-817B6070A1EC}.Debug|Any CPU.Build.0 = Debug|Any CPU
		{0D7AED0D-C9AB-483B-A7B2-817B6070A1EC}.Release|Any CPU.ActiveCfg = Release|Any CPU
		{0D7AED0D-C9AB-483B-A7B2-817B6070A1EC}.Release|Any CPU.Build.0 = Release|Any CPU
		{C100C38A-5C1A-4D92-A9C5-24820A6DD53D}.Debug|Any CPU.ActiveCfg = Debug|Any CPU
		{C100C38A-5C1A-4D92-A9C5-24820A6DD53D}.Debug|Any CPU.Build.0 = Debug|Any CPU
		{C100C38A-5C1A-4D92-A9C5-24820A6DD53D}.Release|Any CPU.ActiveCfg = Release|Any CPU
		{C100C38A-5C1A-4D92-A9C5-24820A6DD53D}.Release|Any CPU.Build.0 = Release|Any CPU
		{7E084B0D-D9CF-4F81-8506-8CC00D5A2551}.Debug|Any CPU.ActiveCfg = Debug|Any CPU
		{7E084B0D-D9CF-4F81-8506-8CC00D5A2551}.Debug|Any CPU.Build.0 = Debug|Any CPU
		{7E084B0D-D9CF-4F81-8506-8CC00D5A2551}.Release|Any CPU.ActiveCfg = Release|Any CPU
		{7E084B0D-D9CF-4F81-8506-8CC00D5A2551}.Release|Any CPU.Build.0 = Release|Any CPU
		{BEA27FC7-6FB0-465D-A4E1-971AF524BF15}.Debug|Any CPU.ActiveCfg = Debug|Any CPU
		{BEA27FC7-6FB0-465D-A4E1-971AF524BF15}.Debug|Any CPU.Build.0 = Debug|Any CPU
		{BEA27FC7-6FB0-465D-A4E1-971AF524BF15}.Release|Any CPU.ActiveCfg = Release|Any CPU
		{BEA27FC7-6FB0-465D-A4E1-971AF524BF15}.Release|Any CPU.Build.0 = Release|Any CPU
		{D96F7ED4-EAB5-46FE-8D57-01E66E0B3262}.Debug|Any CPU.ActiveCfg = Debug|Any CPU
		{D96F7ED4-EAB5-46FE-8D57-01E66E0B3262}.Debug|Any CPU.Build.0 = Debug|Any CPU
		{D96F7ED4-EAB5-46FE-8D57-01E66E0B3262}.Release|Any CPU.ActiveCfg = Release|Any CPU
		{D96F7ED4-EAB5-46FE-8D57-01E66E0B3262}.Release|Any CPU.Build.0 = Release|Any CPU
		{C5288E7C-1D40-4C1A-A15E-BF20D69AF585}.Debug|Any CPU.ActiveCfg = Debug|Any CPU
		{C5288E7C-1D40-4C1A-A15E-BF20D69AF585}.Debug|Any CPU.Build.0 = Debug|Any CPU
		{C5288E7C-1D40-4C1A-A15E-BF20D69AF585}.Release|Any CPU.ActiveCfg = Release|Any CPU
		{C5288E7C-1D40-4C1A-A15E-BF20D69AF585}.Release|Any CPU.Build.0 = Release|Any CPU
		{9110E3E4-D7CF-4D57-B766-AD2D71A4F9D7}.Debug|Any CPU.ActiveCfg = Debug|Any CPU
		{9110E3E4-D7CF-4D57-B766-AD2D71A4F9D7}.Debug|Any CPU.Build.0 = Debug|Any CPU
		{9110E3E4-D7CF-4D57-B766-AD2D71A4F9D7}.Release|Any CPU.ActiveCfg = Release|Any CPU
		{9110E3E4-D7CF-4D57-B766-AD2D71A4F9D7}.Release|Any CPU.Build.0 = Release|Any CPU
		{AD782B8E-4D74-4A9F-A7E0-D1C4D8BA568A}.Debug|Any CPU.ActiveCfg = Debug|Any CPU
		{AD782B8E-4D74-4A9F-A7E0-D1C4D8BA568A}.Debug|Any CPU.Build.0 = Debug|Any CPU
		{AD782B8E-4D74-4A9F-A7E0-D1C4D8BA568A}.Release|Any CPU.ActiveCfg = Release|Any CPU
		{AD782B8E-4D74-4A9F-A7E0-D1C4D8BA568A}.Release|Any CPU.Build.0 = Release|Any CPU
		{C8E91ED2-3562-4AFB-8046-18158F49676A}.Debug|Any CPU.ActiveCfg = Debug|Any CPU
		{C8E91ED2-3562-4AFB-8046-18158F49676A}.Debug|Any CPU.Build.0 = Debug|Any CPU
		{C8E91ED2-3562-4AFB-8046-18158F49676A}.Release|Any CPU.ActiveCfg = Release|Any CPU
		{C8E91ED2-3562-4AFB-8046-18158F49676A}.Release|Any CPU.Build.0 = Release|Any CPU
		{139CC569-0FC7-4BF4-B390-D5B8B799EE55}.Debug|Any CPU.ActiveCfg = Debug|Any CPU
		{139CC569-0FC7-4BF4-B390-D5B8B799EE55}.Debug|Any CPU.Build.0 = Debug|Any CPU
		{139CC569-0FC7-4BF4-B390-D5B8B799EE55}.Release|Any CPU.ActiveCfg = Release|Any CPU
		{139CC569-0FC7-4BF4-B390-D5B8B799EE55}.Release|Any CPU.Build.0 = Release|Any CPU
		{4146703B-8A8A-4A94-AE50-EF7C4BA5C3E0}.Debug|Any CPU.ActiveCfg = Debug|Any CPU
		{4146703B-8A8A-4A94-AE50-EF7C4BA5C3E0}.Debug|Any CPU.Build.0 = Debug|Any CPU
		{4146703B-8A8A-4A94-AE50-EF7C4BA5C3E0}.Release|Any CPU.ActiveCfg = Release|Any CPU
		{4146703B-8A8A-4A94-AE50-EF7C4BA5C3E0}.Release|Any CPU.Build.0 = Release|Any CPU
		{266D35FA-C971-438C-BA34-0D66BD91F7AF}.Debug|Any CPU.ActiveCfg = Debug|Any CPU
		{266D35FA-C971-438C-BA34-0D66BD91F7AF}.Debug|Any CPU.Build.0 = Debug|Any CPU
		{266D35FA-C971-438C-BA34-0D66BD91F7AF}.Release|Any CPU.ActiveCfg = Release|Any CPU
		{266D35FA-C971-438C-BA34-0D66BD91F7AF}.Release|Any CPU.Build.0 = Release|Any CPU
		{806E7540-EA1E-4913-855D-025FEF726887}.Debug|Any CPU.ActiveCfg = Debug|Any CPU
		{806E7540-EA1E-4913-855D-025FEF726887}.Debug|Any CPU.Build.0 = Debug|Any CPU
		{806E7540-EA1E-4913-855D-025FEF726887}.Release|Any CPU.ActiveCfg = Release|Any CPU
		{806E7540-EA1E-4913-855D-025FEF726887}.Release|Any CPU.Build.0 = Release|Any CPU
		{80395694-332C-40B1-A3B7-E1874B1768AB}.Debug|Any CPU.ActiveCfg = Debug|Any CPU
		{80395694-332C-40B1-A3B7-E1874B1768AB}.Debug|Any CPU.Build.0 = Debug|Any CPU
		{80395694-332C-40B1-A3B7-E1874B1768AB}.Release|Any CPU.ActiveCfg = Release|Any CPU
		{80395694-332C-40B1-A3B7-E1874B1768AB}.Release|Any CPU.Build.0 = Release|Any CPU
		{BD82F1AA-F19F-4918-9430-4B9C99889D66}.Debug|Any CPU.ActiveCfg = Debug|Any CPU
		{BD82F1AA-F19F-4918-9430-4B9C99889D66}.Debug|Any CPU.Build.0 = Debug|Any CPU
		{BD82F1AA-F19F-4918-9430-4B9C99889D66}.Release|Any CPU.ActiveCfg = Release|Any CPU
		{BD82F1AA-F19F-4918-9430-4B9C99889D66}.Release|Any CPU.Build.0 = Release|Any CPU
		{7CBDBEEB-E037-410E-A499-50219BCB32D5}.Debug|Any CPU.ActiveCfg = Debug|Any CPU
		{7CBDBEEB-E037-410E-A499-50219BCB32D5}.Debug|Any CPU.Build.0 = Debug|Any CPU
		{7CBDBEEB-E037-410E-A499-50219BCB32D5}.Release|Any CPU.ActiveCfg = Release|Any CPU
		{7CBDBEEB-E037-410E-A499-50219BCB32D5}.Release|Any CPU.Build.0 = Release|Any CPU
		{24977296-3630-4A39-8AB0-68B93DBDBF9C}.Debug|Any CPU.ActiveCfg = Debug|Any CPU
		{24977296-3630-4A39-8AB0-68B93DBDBF9C}.Debug|Any CPU.Build.0 = Debug|Any CPU
		{24977296-3630-4A39-8AB0-68B93DBDBF9C}.Release|Any CPU.ActiveCfg = Release|Any CPU
		{24977296-3630-4A39-8AB0-68B93DBDBF9C}.Release|Any CPU.Build.0 = Release|Any CPU
		{C94CF151-5F78-4FF0-BCA5-C5E67E39DC2C}.Debug|Any CPU.ActiveCfg = Debug|Any CPU
		{C94CF151-5F78-4FF0-BCA5-C5E67E39DC2C}.Debug|Any CPU.Build.0 = Debug|Any CPU
		{C94CF151-5F78-4FF0-BCA5-C5E67E39DC2C}.Release|Any CPU.ActiveCfg = Release|Any CPU
		{C94CF151-5F78-4FF0-BCA5-C5E67E39DC2C}.Release|Any CPU.Build.0 = Release|Any CPU
	EndGlobalSection
	GlobalSection(SolutionProperties) = preSolution
		HideSolutionNode = FALSE
	EndGlobalSection
	GlobalSection(NestedProjects) = preSolution
		{825D4838-7D8B-4FF9-B71E-403B89903BF6} = {A086891E-45D0-4DB3-8FE4-9FD1B4883EA0}
		{F5647084-73C1-44CB-90B2-7334273C58D7} = {A086891E-45D0-4DB3-8FE4-9FD1B4883EA0}
		{AAD268E7-19EF-43E5-9A69-DD7F12AD398B} = {A086891E-45D0-4DB3-8FE4-9FD1B4883EA0}
		{5B96CF6E-39E3-43B2-B304-2A2D53F66169} = {A086891E-45D0-4DB3-8FE4-9FD1B4883EA0}
		{65334FE5-3C13-4EC9-B9E4-664BAB314FD7} = {A086891E-45D0-4DB3-8FE4-9FD1B4883EA0}
		{21961A70-2F5D-4FD7-82D7-E234DE978FF9} = {A086891E-45D0-4DB3-8FE4-9FD1B4883EA0}
		{BEA27FC7-6FB0-465D-A4E1-971AF524BF15} = {825D4838-7D8B-4FF9-B71E-403B89903BF6}
		{0D7AED0D-C9AB-483B-A7B2-817B6070A1EC} = {825D4838-7D8B-4FF9-B71E-403B89903BF6}
		{9D40F1D1-0DFA-4A42-B7C2-DBABC7074614} = {825D4838-7D8B-4FF9-B71E-403B89903BF6}
		{BD82F1AA-F19F-4918-9430-4B9C99889D66} = {825D4838-7D8B-4FF9-B71E-403B89903BF6}
		{24977296-3630-4A39-8AB0-68B93DBDBF9C} = {825D4838-7D8B-4FF9-B71E-403B89903BF6}
		{AD782B8E-4D74-4A9F-A7E0-D1C4D8BA568A} = {F48031FC-D09F-40A8-B2CD-EFEFA98FBFE5}
		{4146703B-8A8A-4A94-AE50-EF7C4BA5C3E0} = {F48031FC-D09F-40A8-B2CD-EFEFA98FBFE5}
		{266D35FA-C971-438C-BA34-0D66BD91F7AF} = {F48031FC-D09F-40A8-B2CD-EFEFA98FBFE5}
		{C100C38A-5C1A-4D92-A9C5-24820A6DD53D} = {F48031FC-D09F-40A8-B2CD-EFEFA98FBFE5}
		{806E7540-EA1E-4913-855D-025FEF726887} = {F48031FC-D09F-40A8-B2CD-EFEFA98FBFE5}
		{C94CF151-5F78-4FF0-BCA5-C5E67E39DC2C} = {F48031FC-D09F-40A8-B2CD-EFEFA98FBFE5}
		{D96F7ED4-EAB5-46FE-8D57-01E66E0B3262} = {F5647084-73C1-44CB-90B2-7334273C58D7}
		{7E084B0D-D9CF-4F81-8506-8CC00D5A2551} = {F5647084-73C1-44CB-90B2-7334273C58D7}
		{9110E3E4-D7CF-4D57-B766-AD2D71A4F9D7} = {22E32B48-2257-4F0B-A88B-65DEBCE2F9A4}
		{C8E91ED2-3562-4AFB-8046-18158F49676A} = {22E32B48-2257-4F0B-A88B-65DEBCE2F9A4}
		{C5288E7C-1D40-4C1A-A15E-BF20D69AF585} = {22E32B48-2257-4F0B-A88B-65DEBCE2F9A4}
		{80395694-332C-40B1-A3B7-E1874B1768AB} = {22E32B48-2257-4F0B-A88B-65DEBCE2F9A4}
		{7CBDBEEB-E037-410E-A499-50219BCB32D5} = {22E32B48-2257-4F0B-A88B-65DEBCE2F9A4}
		{139CC569-0FC7-4BF4-B390-D5B8B799EE55} = {21961A70-2F5D-4FD7-82D7-E234DE978FF9}
	EndGlobalSection
EndGlobal
